{
  "version": "4",
  "specifiers": {
    "jsr:@std/dotenv@*": "0.225.5"
  },
  "jsr": {
    "@std/dotenv@0.225.5": {
      "integrity": "9ce6f9d0ec3311f74a32535aa1b8c62ed88b1ab91b7f0815797d77a6f60c922f"
    }
  },
  "redirects": {
    "https://esm.sh/@bufbuild/protobuf@^2.2.0/codegenv1?target=denonext": "https://esm.sh/@bufbuild/protobuf@2.9.0/codegenv1?target=denonext",
    "https://esm.sh/@bufbuild/protobuf@^2.2.0/wire?target=denonext": "https://esm.sh/@bufbuild/protobuf@2.9.0/wire?target=denonext",
    "https://esm.sh/@bufbuild/protobuf@^2.2.0/wkt?target=denonext": "https://esm.sh/@bufbuild/protobuf@2.9.0/wkt?target=denonext",
    "https://esm.sh/@bufbuild/protobuf@^2.2.0?target=denonext": "https://esm.sh/@bufbuild/protobuf@2.9.0?target=denonext",
    "https://esm.sh/@bufbuild/protobuf@^2.6.2/codegenv2?target=denonext": "https://esm.sh/@bufbuild/protobuf@2.9.0/codegenv2?target=denonext",
    "https://esm.sh/@bufbuild/protobuf@^2.6.2/wkt?target=denonext": "https://esm.sh/@bufbuild/protobuf@2.9.0/wkt?target=denonext",
    "https://esm.sh/@isaacs/balanced-match@^4.0.1?target=denonext": "https://esm.sh/@isaacs/balanced-match@4.0.1?target=denonext",
    "https://esm.sh/@isaacs/brace-expansion@^5.0.0?target=denonext": "https://esm.sh/@isaacs/brace-expansion@5.0.0?target=denonext",
    "https://esm.sh/@isaacs/fs-minipass@^4.0.0?target=denonext": "https://esm.sh/@isaacs/fs-minipass@4.0.1?target=denonext",
    "https://esm.sh/chownr@^3.0.0?target=denonext": "https://esm.sh/chownr@3.0.0?target=denonext",
    "https://esm.sh/compare-versions@^6.1.0?target=denonext": "https://esm.sh/compare-versions@6.1.1?target=denonext",
    "https://esm.sh/dockerfile-ast@^0.7.1?target=denonext": "https://esm.sh/dockerfile-ast@0.7.1?target=denonext",
    "https://esm.sh/e2b@latest": "https://esm.sh/e2b@2.1.5",
    "https://esm.sh/glob@^11.0.3?target=denonext": "https://esm.sh/glob@11.0.3?target=denonext",
    "https://esm.sh/lru-cache@^11.0.0?target=denonext": "https://esm.sh/lru-cache@11.2.1?target=denonext",
    "https://esm.sh/minimatch@^10.0.3?target=denonext": "https://esm.sh/minimatch@10.0.3?target=denonext",
    "https://esm.sh/minipass@^7.0.4?target=denonext": "https://esm.sh/minipass@7.1.2?target=denonext",
    "https://esm.sh/minipass@^7.1.2?target=denonext": "https://esm.sh/minipass@7.1.2?target=denonext",
    "https://esm.sh/minizlib@^3.0.1?target=denonext": "https://esm.sh/minizlib@3.0.2?target=denonext",
    "https://esm.sh/mkdirp@^3.0.1?target=denonext": "https://esm.sh/mkdirp@3.0.1?target=denonext",
    "https://esm.sh/openapi-fetch@^0.9.7?target=denonext": "https://esm.sh/openapi-fetch@0.9.8?target=denonext",
    "https://esm.sh/path-scurry@^2.0.0?target=denonext": "https://esm.sh/path-scurry@2.0.0?target=denonext",
    "https://esm.sh/platform@^1.3.6?target=denonext": "https://esm.sh/platform@1.3.6?target=denonext",
    "https://esm.sh/tar@^7.4.3?target=denonext": "https://esm.sh/tar@7.4.3?target=denonext",
    "https://esm.sh/vscode-languageserver-textdocument@^1.0.8?target=denonext": "https://esm.sh/vscode-languageserver-textdocument@1.0.12?target=denonext",
    "https://esm.sh/vscode-languageserver-types@^3.17.3?target=denonext": "https://esm.sh/vscode-languageserver-types@3.17.5?target=denonext",
    "https://esm.sh/yallist@^5.0.0?target=denonext": "https://esm.sh/yallist@5.0.0?target=denonext"
  },
  "remote": {
    "https://esm.sh/@bufbuild/protobuf@2.9.0/codegenv1?target=denonext": "ab90b9f11640e01db4beeb121241c9afae2cb85dc8b539b4e4edd00f00c3c5a2",
    "https://esm.sh/@bufbuild/protobuf@2.9.0/codegenv2?target=denonext": "24d99024271d9c3c2a9e7322fd27b0434942d15daa44bc72a4e861683f89da97",
    "https://esm.sh/@bufbuild/protobuf@2.9.0/denonext/codegenv1.mjs": "b8055fe060f8250d008e0d58d8f208d67a41c88cb36d9f8c8aa7012fce4283fd",
    "https://esm.sh/@bufbuild/protobuf@2.9.0/denonext/codegenv2.mjs": "d84239cf5dbe417271b2500c705303773a154d510ea4656175463bb15ea3e5d3",
    "https://esm.sh/@bufbuild/protobuf@2.9.0/denonext/dist/esm/clone.mjs": "8ab2f8df0214b9b86a2c124f50c372d51fb1b13243a7a1879bee1e5d47069603",
    "https://esm.sh/@bufbuild/protobuf@2.9.0/denonext/dist/esm/codegenv2/boot.mjs": "8e5c29a67eefe8364aa98779271c5f780a2b6312be6557bae1190d8c25a045d1",
    "https://esm.sh/@bufbuild/protobuf@2.9.0/denonext/dist/esm/codegenv2/embed.mjs": "e91b85a22f361e01db0725e61d98e388514208df88d3d1e62be7b7d30ed4bf32",
    "https://esm.sh/@bufbuild/protobuf@2.9.0/denonext/dist/esm/codegenv2/enum.mjs": "e8842ac0cd14139f1c3261899719394ae9d53e61cc5f9468f53474b240b1ddb5",
    "https://esm.sh/@bufbuild/protobuf@2.9.0/denonext/dist/esm/codegenv2/extension.mjs": "8dcdc1da2de07d39b467b471713daf499337eae6b8277fb73160d460fbf47397",
    "https://esm.sh/@bufbuild/protobuf@2.9.0/denonext/dist/esm/codegenv2/file.mjs": "3d0b112795f6098e189ede674b2a6fa4e6b6e1f24932285764038ece523ae3ad",
    "https://esm.sh/@bufbuild/protobuf@2.9.0/denonext/dist/esm/codegenv2/message.mjs": "5ab3d6f1352b1dbcb93528a79b5b4bda0f135136522c3cafa944d758165d3bb3",
    "https://esm.sh/@bufbuild/protobuf@2.9.0/denonext/dist/esm/codegenv2/restore-json-names.mjs": "c16e2957accaecabe6cde161e0270d71eff0288a157dc0c3da5877b402814ee1",
    "https://esm.sh/@bufbuild/protobuf@2.9.0/denonext/dist/esm/codegenv2/scalar.mjs": "41166864148e9fad66c78862c546f4b64127c846cb1169bc52ba869b15b8efb1",
    "https://esm.sh/@bufbuild/protobuf@2.9.0/denonext/dist/esm/codegenv2/symbols.mjs": "fe626c29359272bc298547851f91b8072e740b7bc9a36b0848b0ad69f53f2dde",
    "https://esm.sh/@bufbuild/protobuf@2.9.0/denonext/dist/esm/create.mjs": "8b30dac48f0383d69d95c57f8b3e0400a67d5a2e91e25b7eef6bbd2a4a8f428f",
    "https://esm.sh/@bufbuild/protobuf@2.9.0/denonext/dist/esm/descriptors.mjs": "91d08c05a5d0e33cf4e3945b51125e123cd8d04a2ac62613644e7b49bf080f98",
    "https://esm.sh/@bufbuild/protobuf@2.9.0/denonext/dist/esm/fields.mjs": "2b5de179369a80ab354fb52345a247e5a146cc2c76b8c2a2ff684f1a234d83b4",
    "https://esm.sh/@bufbuild/protobuf@2.9.0/denonext/dist/esm/from-binary.mjs": "b4d5f5fa42f3ac403aba27614e0254fe25b296f408df3773b2b0f81981c340df",
    "https://esm.sh/@bufbuild/protobuf@2.9.0/denonext/dist/esm/is-message.mjs": "b068fe4a60af6d511655217f66b963539ff7d0cc29dca074adaa99f9829b04eb",
    "https://esm.sh/@bufbuild/protobuf@2.9.0/denonext/dist/esm/proto-int64.mjs": "74ef2fc6185a0c992a22d78b4737706f4e370b76d4845ed25df53b50c698dfe7",
    "https://esm.sh/@bufbuild/protobuf@2.9.0/denonext/dist/esm/reflect/error.mjs": "70b8771bc558b27ee8f44093b3d74d9451dee65e0dd8b70fd713edb513aaf8f1",
    "https://esm.sh/@bufbuild/protobuf@2.9.0/denonext/dist/esm/reflect/guard.mjs": "677c5db78e6cc8c82e405c7c0f41a709682d1e9b89c23c6d80e8b64e0e1c9304",
    "https://esm.sh/@bufbuild/protobuf@2.9.0/denonext/dist/esm/reflect/names.mjs": "6ecd0ed66c47fa8fcbe70127bebba0301577423937ee9a61e816ea1afd9b8c10",
    "https://esm.sh/@bufbuild/protobuf@2.9.0/denonext/dist/esm/reflect/nested-types.mjs": "22e6a38a0ded84866d970d52fa036c4febea4928eb9b7cc649778f78e4eb4751",
    "https://esm.sh/@bufbuild/protobuf@2.9.0/denonext/dist/esm/reflect/reflect-check.mjs": "a8f8e2776034349809f2104a824fef059d5eed54a93855b40be5d7eda0f0ba71",
    "https://esm.sh/@bufbuild/protobuf@2.9.0/denonext/dist/esm/reflect/reflect.mjs": "cd801b75799937219da9275980db39fb611e45e1c25c3a1b503c7c12c6e79b06",
    "https://esm.sh/@bufbuild/protobuf@2.9.0/denonext/dist/esm/reflect/scalar.mjs": "90b5bc5973ed8a37c34c9ddc8b03869d62b0b4c900f99314b5e4174391f73161",
    "https://esm.sh/@bufbuild/protobuf@2.9.0/denonext/dist/esm/reflect/unsafe.mjs": "c04dceb7177f29f864736dcec988fb405fc30242dc085d32bb0666f5d0b41c02",
    "https://esm.sh/@bufbuild/protobuf@2.9.0/denonext/dist/esm/registry.mjs": "66b4cfd1ae8d6146553580609b541e298dafd9c362100640857fddc43cfe52e1",
    "https://esm.sh/@bufbuild/protobuf@2.9.0/denonext/dist/esm/to-binary.mjs": "943e634a45e7da412130939d759e3ea0d38e156c26fbde7288f38bd6f8763e58",
    "https://esm.sh/@bufbuild/protobuf@2.9.0/denonext/dist/esm/wire/base64-encoding.mjs": "3007fba108d3e6d6d82f3dd4dc57fa54735526c9eb65f0264fde36466f17433b",
    "https://esm.sh/@bufbuild/protobuf@2.9.0/denonext/dist/esm/wire/binary-encoding.mjs": "183da578fc77fca83fac4ae1aa27a9d0c4e7ebed9e4a57ce786273cd2c1c130a",
    "https://esm.sh/@bufbuild/protobuf@2.9.0/denonext/dist/esm/wire/text-encoding.mjs": "5d9e48e3b93625875cb6ad2cf9aa901fb4cbacc82e292e4dd50e7adc9e8c491b",
    "https://esm.sh/@bufbuild/protobuf@2.9.0/denonext/dist/esm/wire/text-format.mjs": "d3eef0f5dc59194f14382f9c9b25120b2ccc9033d5c894ca35d85e7d6bed92ab",
    "https://esm.sh/@bufbuild/protobuf@2.9.0/denonext/dist/esm/wire/varint.mjs": "7ce9ae50a8fd3251316ab7559c7289a3f67945897129c8230a748b39ea971c58",
    "https://esm.sh/@bufbuild/protobuf@2.9.0/denonext/dist/esm/wkt/gen/google/protobuf/descriptor_pb.mjs": "40cf007c21306b91ce5815d483fb0fba49054d5022603797bb9d4a74c18d11aa",
    "https://esm.sh/@bufbuild/protobuf@2.9.0/denonext/dist/esm/wkt/wrappers.mjs": "b9ab9bf425e0421ca44221870cdeda0fa123541efe042a0723decd8c1f5b2e48",
    "https://esm.sh/@bufbuild/protobuf@2.9.0/denonext/protobuf.mjs": "1d03ddd0537ab9d36be828b8dc06c55ea84279b050dd54cce6d5fc1e6f97b0d9",
    "https://esm.sh/@bufbuild/protobuf@2.9.0/denonext/wire.mjs": "8e2de3ab9412a37b72b1509a0d7d641f861113ef2fa62f1423fd6baab105d54b",
    "https://esm.sh/@bufbuild/protobuf@2.9.0/denonext/wkt.mjs": "aae444a94d1e06462bfd8fa7930e9a77c965f79ac940a45ff6d98708c53e8637",
    "https://esm.sh/@bufbuild/protobuf@2.9.0/wire?target=denonext": "37bbab65f0abc6be13951b6694374fb96810f0392728353a210b0ea23eae75c9",
    "https://esm.sh/@bufbuild/protobuf@2.9.0/wkt?target=denonext": "e37719b896ae28954ea94454b63b76957da18e9b784f1e99b2fa0dbc4a8eb9ce",
    "https://esm.sh/@bufbuild/protobuf@2.9.0?target=denonext": "8dfb1027f25e8eccb54a07b19410a69c5f21aca959baa44bf0a90a7647d0d46c",
    "https://esm.sh/@connectrpc/connect-web@2.0.0-rc.3/denonext/connect-web.mjs": "5609ed0edc8e878f7b39a1c50010d7824adc7b1d6bc973f60aa2748ae6847391",
    "https://esm.sh/@connectrpc/connect@2.0.0-rc.3/denonext/connect.mjs": "4ad84c2eed195a1660e76108fcc93e1abb9207187a443a9ab9aafe28b8c0c80d",
    "https://esm.sh/@connectrpc/connect@2.0.0-rc.3/denonext/dist/esm/code.mjs": "346ba92c78a18dd725d2016b50c480900766e27106dba8e9183cde812dcefe42",
    "https://esm.sh/@connectrpc/connect@2.0.0-rc.3/denonext/dist/esm/connect-error.mjs": "8ca7d4a6ca4b4a6891fbe0831197bf42521823da6101bf0cbae98011e70e2f18",
    "https://esm.sh/@connectrpc/connect@2.0.0-rc.3/denonext/dist/esm/context-values.mjs": "517a5213a7072b431b69c6c64a5989bb3ea2e6c79de923c535838990251042b5",
    "https://esm.sh/@connectrpc/connect@2.0.0-rc.3/denonext/dist/esm/http-headers.mjs": "e59a7440032edbe8dc19cb3c5cfe5997b205ef1d822166c698420f6f2bffc7bd",
    "https://esm.sh/@connectrpc/connect@2.0.0-rc.3/denonext/dist/esm/implementation.mjs": "0a1a415c69f5cd76d04014b8efc19c13bf329c072bc9dd58a81b41f2e26179f1",
    "https://esm.sh/@connectrpc/connect@2.0.0-rc.3/denonext/dist/esm/interceptor.mjs": "af2692f4fd5e1bc95538f345e417ce1d050ba7cb9f0fd2a57f8590908364fc79",
    "https://esm.sh/@connectrpc/connect@2.0.0-rc.3/denonext/dist/esm/protocol-connect/code-string.mjs": "60bbf4a6c67f86309eb03de2224b6af06de5627e9fa4371a058b594374a54df7",
    "https://esm.sh/@connectrpc/connect@2.0.0-rc.3/denonext/dist/esm/protocol-connect/content-type.mjs": "787e94eaa3db071dc5fc3c5c225c3cef0c0235e0fa4edf491ba90295f8fb111f",
    "https://esm.sh/@connectrpc/connect@2.0.0-rc.3/denonext/dist/esm/protocol-connect/end-stream.mjs": "7b0604baa9961658b38c48da13588b4fc321c0719deb20607709da111af22e12",
    "https://esm.sh/@connectrpc/connect@2.0.0-rc.3/denonext/dist/esm/protocol-connect/error-json.mjs": "82cce643822a8d46b341552a1bd9d5ebff2157f8b63c9244fb970c00eaa4c38b",
    "https://esm.sh/@connectrpc/connect@2.0.0-rc.3/denonext/dist/esm/protocol-connect/get-request.mjs": "a8242cdfc5f46051d917999f05f187916f07227da8004f46797b169fcaf503b3",
    "https://esm.sh/@connectrpc/connect@2.0.0-rc.3/denonext/dist/esm/protocol-connect/handler-factory.mjs": "5f72364b389664f5970dc91989dd21cb8f9b4d5ce291fd1a42a52469d6f9373b",
    "https://esm.sh/@connectrpc/connect@2.0.0-rc.3/denonext/dist/esm/protocol-connect/headers.mjs": "7e5481686a37d8420170dd86509712366e57dd492a94defa36b54314e763175c",
    "https://esm.sh/@connectrpc/connect@2.0.0-rc.3/denonext/dist/esm/protocol-connect/http-status.mjs": "41d55d0b4dd49fb0544312cfc7c0e9b9902cfd51966ed6c2f7d4d08647a49052",
    "https://esm.sh/@connectrpc/connect@2.0.0-rc.3/denonext/dist/esm/protocol-connect/parse-timeout.mjs": "486d5de07f3c86392fa28ddb160e99e0a3549e694b333946ce3ce69b236d2dbd",
    "https://esm.sh/@connectrpc/connect@2.0.0-rc.3/denonext/dist/esm/protocol-connect/query-params.mjs": "2b68ddbc542edab1fcb9f7b0b0f23a9b4a14ca0657cd387e840a7d83ef4c64e2",
    "https://esm.sh/@connectrpc/connect@2.0.0-rc.3/denonext/dist/esm/protocol-connect/request-header.mjs": "040c3d4e25523b16c808207a18fdf99f4b4e5b710c1c2132e0f3a290b2f1f933",
    "https://esm.sh/@connectrpc/connect@2.0.0-rc.3/denonext/dist/esm/protocol-connect/trailer-mux.mjs": "195aae62633035305dd20c262d17db64acd5e23f86711e2193c9a697e6e8f288",
    "https://esm.sh/@connectrpc/connect@2.0.0-rc.3/denonext/dist/esm/protocol-connect/transport.mjs": "f3d32d8b18042767247c3a24211fb82e140188ec98d84cb1b9f2c98c7333a485",
    "https://esm.sh/@connectrpc/connect@2.0.0-rc.3/denonext/dist/esm/protocol-connect/validate-response.mjs": "86b32644f8310f41c7489878629ee848866ddaa3a7ef01dc27178bdfe2ba3a8a",
    "https://esm.sh/@connectrpc/connect@2.0.0-rc.3/denonext/dist/esm/protocol-connect/version.mjs": "d9177fdadde11ace49ddffddcd0b3d5f2ee5eee60f9e78a79f038655a6f473c3",
    "https://esm.sh/@connectrpc/connect@2.0.0-rc.3/denonext/dist/esm/protocol-grpc-web/content-type.mjs": "56996b55e83d23b0bd0e293e450f44d5af547f1bde7b64a59bc09ef67b50c863",
    "https://esm.sh/@connectrpc/connect@2.0.0-rc.3/denonext/dist/esm/protocol-grpc-web/handler-factory.mjs": "8c140f9f378e5ad90347f03dcf29c61444ad46c1686468e976596d11d29efca0",
    "https://esm.sh/@connectrpc/connect@2.0.0-rc.3/denonext/dist/esm/protocol-grpc-web/headers.mjs": "cee035ec9bb13704018e41eb2ef53c6a679bb98e214e32c491a1a7853427e978",
    "https://esm.sh/@connectrpc/connect@2.0.0-rc.3/denonext/dist/esm/protocol-grpc-web/trailer.mjs": "3b66722d6293b4bb4a21fc6f3def9720d4c20854953236499f3b2a23e9fd18c0",
    "https://esm.sh/@connectrpc/connect@2.0.0-rc.3/denonext/dist/esm/protocol-grpc/content-type.mjs": "d662fb32d1b8cf940c82aac1fa6c8af5f6a749762c17c37396e5fedd0b219830",
    "https://esm.sh/@connectrpc/connect@2.0.0-rc.3/denonext/dist/esm/protocol-grpc/handler-factory.mjs": "bba2b783787a5749c62e3ed5947969c67c248e156dd66adf51d713d5d8b70d42",
    "https://esm.sh/@connectrpc/connect@2.0.0-rc.3/denonext/dist/esm/protocol-grpc/headers.mjs": "2ef476759c712decdf8aeb7c1c2a4c848330c3cd74239e4a5461bd3e998c959f",
    "https://esm.sh/@connectrpc/connect@2.0.0-rc.3/denonext/dist/esm/protocol-grpc/http-status.mjs": "77c40a9bd7b8bd8b86dc5b5a386e5745396abd242be8a93493269f5cc25e99f9",
    "https://esm.sh/@connectrpc/connect@2.0.0-rc.3/denonext/dist/esm/protocol-grpc/parse-timeout.mjs": "d543c11325ba194585069765de2a736c6129ca277fa6fe77e298345bba7ca7f0",
    "https://esm.sh/@connectrpc/connect@2.0.0-rc.3/denonext/dist/esm/protocol-grpc/trailer-status.mjs": "e79dfb831eb814ff5b2741b01a6d755a69896344bc1dbb38b1a4b98d6ac24a60",
    "https://esm.sh/@connectrpc/connect@2.0.0-rc.3/denonext/dist/esm/protocol-grpc/validate-trailer.mjs": "56db126a60ddbd262fdaa403aa2bde903cb02247b80dd5cd191922110c698782",
    "https://esm.sh/@connectrpc/connect@2.0.0-rc.3/denonext/dist/esm/protocol/async-iterable.mjs": "e3049d1b1eb0ecfe891b3cd6d01dccd7ad920d486f8b82f2f84ff4c3c6d9ae25",
    "https://esm.sh/@connectrpc/connect@2.0.0-rc.3/denonext/dist/esm/protocol/compression.mjs": "fae361775291d5916b6744d8d90a1fa21df37643cf466e0b72e0b5253e9009b1",
    "https://esm.sh/@connectrpc/connect@2.0.0-rc.3/denonext/dist/esm/protocol/content-type-matcher.mjs": "8bdaf7cf5be14b3829939fd37e25da4e6df2e0c94492349f36a3075795664901",
    "https://esm.sh/@connectrpc/connect@2.0.0-rc.3/denonext/dist/esm/protocol/create-method-url.mjs": "0a6abe8b8f148e13e527aee54c0673aac3032805da63262fe6d985224bb6c6eb",
    "https://esm.sh/@connectrpc/connect@2.0.0-rc.3/denonext/dist/esm/protocol/envelope.mjs": "7f39bae8fc6dce290c73923c8d0ef270a061b870770ae5e58f8776b9a2f8e924",
    "https://esm.sh/@connectrpc/connect@2.0.0-rc.3/denonext/dist/esm/protocol/invoke-implementation.mjs": "10b1d212421f0dc756c16024abbd5749427aa24b9967b82a2a8b62e13a92e339",
    "https://esm.sh/@connectrpc/connect@2.0.0-rc.3/denonext/dist/esm/protocol/limit-io.mjs": "4d9260ac85b3b0418b9dbe4736fd33b29c5a3f8701efb78031219f13340595d6",
    "https://esm.sh/@connectrpc/connect@2.0.0-rc.3/denonext/dist/esm/protocol/normalize.mjs": "0b4f703f57f27f293f7665ce03786317f037abd8e4c18f73150e092c2527420d",
    "https://esm.sh/@connectrpc/connect@2.0.0-rc.3/denonext/dist/esm/protocol/run-call.mjs": "0fa29a315c29b38f95e525ef2ac71194cbf3c27872b72f581e24306c51297d7c",
    "https://esm.sh/@connectrpc/connect@2.0.0-rc.3/denonext/dist/esm/protocol/serialization.mjs": "f2e541afdde4dcd0ebbd7b87741e85de7840b0b84e5e80585848f18d40994faf",
    "https://esm.sh/@connectrpc/connect@2.0.0-rc.3/denonext/dist/esm/protocol/signals.mjs": "c975481e7b5fe9c64501351edae1ebd78a93ce3ae03d28a5cdb178c091b34239",
    "https://esm.sh/@connectrpc/connect@2.0.0-rc.3/denonext/dist/esm/protocol/universal-handler-client.mjs": "1fea0f0c678471aaefd36892b18a5e233d2a7160667a11345d3273c4bf55e18d",
    "https://esm.sh/@connectrpc/connect@2.0.0-rc.3/denonext/dist/esm/protocol/universal-handler.mjs": "3abef50339edd461fec3b761e7b37283827caedaa3331f3d676521dd2d06f834",
    "https://esm.sh/@connectrpc/connect@2.0.0-rc.3/denonext/dist/esm/protocol/universal.mjs": "4f343995dccccda1becd8c10dda4b49df3674d72e033c2efa9f271bf08b774d1",
    "https://esm.sh/@connectrpc/connect@2.0.0-rc.3/denonext/protocol-connect.mjs": "bce983e47a1a972b253e8f8a0324e74796783ac312753779b5eea34501ee2959",
    "https://esm.sh/@connectrpc/connect@2.0.0-rc.3/denonext/protocol-grpc-web.mjs": "a0a3d3cffaff48e4c7690e7255b0600c4460ae5f1dbf5c37a6509c3b2d7e9e10",
    "https://esm.sh/@connectrpc/connect@2.0.0-rc.3/denonext/protocol-grpc.mjs": "0f83fb8e090c0f5f05a98791affb0aa6fe1ac20ea1dd0f83b567038c0fd02f09",
    "https://esm.sh/@connectrpc/connect@2.0.0-rc.3/denonext/protocol.mjs": "e58092ea1f7b36919e4734f69f4dbad813d165d12970230c54b67d38cd8bd5c2",
    "https://esm.sh/@isaacs/balanced-match@4.0.1/denonext/balanced-match.mjs": "22003f8a2e4f95edf5ff596396c3f7ddbce142fc0311d601937ffac0da7326a4",
    "https://esm.sh/@isaacs/balanced-match@4.0.1?target=denonext": "2a5fb2a4258ea240dcc1f3e87f83d8a209685194629241e685d5c33eef9a1eab",
    "https://esm.sh/@isaacs/brace-expansion@5.0.0/denonext/brace-expansion.mjs": "557210a226a65401fa46a96d45e5e6176f9da933583c6ec8d7522de1e97e8975",
    "https://esm.sh/@isaacs/brace-expansion@5.0.0?target=denonext": "05637f30478b63d6a42e3a5827cc49372f2e5aff8afa74d11d9f1c641a0e5ddb",
    "https://esm.sh/@isaacs/fs-minipass@4.0.1/denonext/fs-minipass.mjs": "e98b31186fc840efeeda51bf629d2f4c165360a6681b256b22e9ce17206113d8",
    "https://esm.sh/@isaacs/fs-minipass@4.0.1?target=denonext": "40c3644c964ad88b31c0e078b1d36e0c94edae10b6bac530389c073ae3d28cbd",
    "https://esm.sh/chownr@3.0.0/denonext/chownr.mjs": "ac6f955d2126d676a70e36641779bf0e77f5a468c2a12e2d45c6eba27f144d67",
    "https://esm.sh/chownr@3.0.0?target=denonext": "99de1d8e7400e4c39971a101b6a830cb7ac6013241a9cc1cd08c761f0da4b289",
    "https://esm.sh/compare-versions@6.1.1/denonext/compare-versions.mjs": "7ec1c3385386a93dff3edb8047c33ab13efd82a9542b2a964d9193d6e5167e01",
    "https://esm.sh/compare-versions@6.1.1?target=denonext": "785f05abefe8e951722e79ae7de0f93a0b5337edff0f7c7b84d754e74f61deab",
    "https://esm.sh/dockerfile-ast@0.7.1/denonext/dockerfile-ast.mjs": "4b21727718a00c269e70d1b5eeda2b5cab3e27f4911c3664da02beb5e966f256",
    "https://esm.sh/dockerfile-ast@0.7.1?target=denonext": "dbd6272329c27025ae22780dd464e1aefb1382e6652247fcdadd83e6f5ed2e07",
    "https://esm.sh/e2b@2.1.5": "3eea292ef5c50e365ad2ad5953911c6e8390505a551784e3fca72f37079263c3",
    "https://esm.sh/e2b@2.1.5/denonext/e2b.mjs": "61a62b1102db2fc3809121f1fddd5690aeeba2f41787503da0581c58d4b9399f",
    "https://esm.sh/glob@11.0.3/denonext/glob.mjs": "c0b6d47aa41a09290ac20f2a23f34e7ac9538beebdcd4b6459dffbb2ac32e799",
    "https://esm.sh/glob@11.0.3?target=denonext": "8f91af2cccb94398711dfa83360dfc1482d8a09e22601b27f332e283879500bb",
    "https://esm.sh/lru-cache@11.2.1/denonext/lru-cache.mjs": "799b2272b6472fdcc4f4b7916034fed17ad1d37a7b0c3307aa0aea78d8ca7883",
    "https://esm.sh/lru-cache@11.2.1?target=denonext": "13de872383b9e9e818e2c7b97d1a406d133b73b64d411104359061dc92c17027",
    "https://esm.sh/minimatch@10.0.3/denonext/minimatch.mjs": "8c4775a6636c6a4f16c6cdc375139e1b5768159180c3f1d39ca16116d7495847",
    "https://esm.sh/minimatch@10.0.3?target=denonext": "b494e910f82b7d992a47cad3da00d8dd32d6be62847ed58ce3bbc2bce96f727d",
    "https://esm.sh/minipass@7.1.2/denonext/minipass.mjs": "c8669c45484aa402f6209e33373aefcff699e58a10816cffcf3c6ce10b57d760",
    "https://esm.sh/minipass@7.1.2?target=denonext": "7b4e6976795db9855e76618ab6eb6e4ebae23f808b82016ac71476383d29410d",
    "https://esm.sh/minizlib@3.0.2/denonext/minizlib.mjs": "db05d41c77bf98618e80d3e0e9408a39b32c0460d2496c3049d9a4158ada6923",
    "https://esm.sh/minizlib@3.0.2?target=denonext": "b4cb9e8f7d88710efd54bb729b3643ca1e8345a8d055c8f164ed1bb818af21d9",
    "https://esm.sh/mkdirp@3.0.1/denonext/mkdirp.mjs": "fe49a0b5a9e49ab9074cdec254bda32bddbdda09e2ed29bf92d297005b6933be",
    "https://esm.sh/mkdirp@3.0.1?target=denonext": "1613c4e637a1803ce195aa57b57ccfbf37643ab99a227fb38123b90630d1cebe",
    "https://esm.sh/openapi-fetch@0.9.8/denonext/openapi-fetch.mjs": "1b6ff54d9309f5eba3e240b041267515e86107c87682adacccb2aabee823f0dd",
    "https://esm.sh/openapi-fetch@0.9.8?target=denonext": "68091fddc1da3f8270791dd42cd048668e2bb171d09d67ffadf120bda978df2e",
    "https://esm.sh/path-scurry@2.0.0/denonext/path-scurry.mjs": "28a9bb473dbeec2051e152560a6091902338c5dfda006f753c087e7cc6d8d461",
    "https://esm.sh/path-scurry@2.0.0?target=denonext": "a657a1681ab3192b50fef6c0363888e384f3dfd5affcf4d18ded2ceb395e916e",
    "https://esm.sh/platform@1.3.6/denonext/platform.mjs": "37d3eee68ae5fef83a6e4efaa6435128bd782ce335f2be6c3642a7580a70e25f",
    "https://esm.sh/platform@1.3.6?target=denonext": "f8608eeab5a65b73c890fce7bae80d48e73771de806b801f5eaf01f40235709d",
    "https://esm.sh/tar@7.4.3/denonext/c.mjs": "fa9104cdfce881eda79e7c5ee24cc721bab3e555439ab8354f6926620a576810",
    "https://esm.sh/tar@7.4.3/denonext/dist/esm/make-command.mjs": "9a4afc470fad7f9a3bc3b57b4352150b17bb05607e2a8d90c1e9e83aacbae755",
    "https://esm.sh/tar@7.4.3/denonext/dist/esm/normalize-windows-path.mjs": "08d844cba264f68de344bad05c119b68c46867f8f9ab5ab3e1b9c647ecb32a9f",
    "https://esm.sh/tar@7.4.3/denonext/dist/esm/options.mjs": "6910ae721aa78d4cbbb8f5afd4996cfcf7677ef465efbbb1968c6c06f642dba9",
    "https://esm.sh/tar@7.4.3/denonext/dist/esm/replace.mjs": "dafa28e4aaaed8d4eed070ef2d5dfb1c45166544f6e8eaeef7bd964b4cb435ff",
    "https://esm.sh/tar@7.4.3/denonext/dist/esm/strip-absolute-path.mjs": "f11d92a15af9f59dee1cbf15e68659f82f3fb8ffe0cca168fa3ebff1ee95f2ba",
    "https://esm.sh/tar@7.4.3/denonext/dist/esm/strip-trailing-slashes.mjs": "b400eab1f40905fa9f59a93f8e3ddde36744efc4f64798084fe9def764d8b910",
    "https://esm.sh/tar@7.4.3/denonext/dist/esm/warn-method.mjs": "23e79c66f3cac29ae3768e32cbe69fb60020c09424e9f0584d834f828b9140ca",
    "https://esm.sh/tar@7.4.3/denonext/dist/esm/winchars.mjs": "a5aba6cb1e763da221b59c43977e24b131941d7c66fbdb90e7fc0c4b62a77ee1",
    "https://esm.sh/tar@7.4.3/denonext/extract.mjs": "b7750c6b00288dae62606314f6987b92d39200ef6e1ae520ee95c2fd5b78cdd1",
    "https://esm.sh/tar@7.4.3/denonext/header.mjs": "6e18721b75ebb3b786a8187a9b1c58bae87b9ade492f18a58b7bde7284750b70",
    "https://esm.sh/tar@7.4.3/denonext/list.mjs": "57543ba875010c3a782a4e5ed7151e33f19623afb54747824ae3620b5ad51f79",
    "https://esm.sh/tar@7.4.3/denonext/pack.mjs": "c1e61dffecb09f3cadc4703c1b9788c7b2dda5386cfcb70029ab71e0b5f622f1",
    "https://esm.sh/tar@7.4.3/denonext/parse.mjs": "214ac7dc545cbc53c6f37c5edc17a3607bd905273d1876d2394445e9edc90668",
    "https://esm.sh/tar@7.4.3/denonext/pax.mjs": "60001c5dd97c23d3da762b2742346b1cad9c539014bb7a36e58625bf5aeef667",
    "https://esm.sh/tar@7.4.3/denonext/read-entry.mjs": "880c0d27482d0261167591258806c55d5718c9c350df3b4398823b208aab78a6",
    "https://esm.sh/tar@7.4.3/denonext/tar.mjs": "2aab245984a557d3d8aeeb24db9c7fca248cedde84deaa08c6380b30206dbaa8",
    "https://esm.sh/tar@7.4.3/denonext/types.mjs": "13f86644f807c3922490934a67e1bb5c91da5b3af9731983f43998e72532c897",
    "https://esm.sh/tar@7.4.3/denonext/unpack.mjs": "189da684099c9e862376f0766ff2707330590ce6b18cfb799338c38e9c67c805",
    "https://esm.sh/tar@7.4.3/denonext/update.mjs": "5995d9748cd15bbfa92fcf686b1b2b05f45d2a1a944a5c5d3257cd67f43d1632",
    "https://esm.sh/tar@7.4.3/denonext/write-entry.mjs": "3e163ff4fb8436b54d358dd007f3e8697467224daefe71c08ec1cb3c6399ff44",
    "https://esm.sh/tar@7.4.3?target=denonext": "1b109917f5bce0f07c8d7aee0d4108f39795ba2cd4a4d8631d25f12d7668ee00",
    "https://esm.sh/vscode-languageserver-textdocument@1.0.12/denonext/vscode-languageserver-textdocument.mjs": "988a8b5563845ba824fe5e6902d5f890ae4e70d28e5fa90614b6fe576bca5afa",
    "https://esm.sh/vscode-languageserver-textdocument@1.0.12?target=denonext": "0cd8d5aff08b25297c3f761e780578836d5aa0be6f9a3c011d482c4884db533f",
    "https://esm.sh/vscode-languageserver-types@3.17.5/denonext/vscode-languageserver-types.mjs": "3ccc2df8f344a4dc540e56fd7fc1f2cd1253b811b5f5c8caeb41c4cf4819b07d",
    "https://esm.sh/vscode-languageserver-types@3.17.5?target=denonext": "b4bf79e87d7def605cab33ba55cf040872f9bf2b375c05c9927d6751cba45286",
    "https://esm.sh/yallist@5.0.0/denonext/yallist.mjs": "a566bda7691ae520b7d8220b3d2a1087dd71cc2da251b621da5220523f453aef",
    "https://esm.sh/yallist@5.0.0?target=denonext": "b01676d6cafd208af9455881a9e1a1bf690921af60e2c5429566fcfeb466b465"
  },
  "workspace": {
    "packageJson": {
      "dependencies": [
        "npm:@ai-sdk/openai@^0.0.9",
        "npm:@e2b/code-interpreter@^1.0.1",
        "npm:@types/node@^17.0.12",
        "npm:@types/react-dom@18.2.4",
        "npm:@types/react@18.2.8",
        "npm:ai@^3.1.1",
        "npm:autoprefixer@^10.4.14",
        "npm:eslint-config-next@13.4.12",
        "npm:eslint@^7.32.0",
        "npm:next@^14.2.3",
        "npm:openai@^4.40.1",
        "npm:postcss@^8.4.23",
        "npm:tailwindcss@^3.3.2",
        "npm:typescript@5.1.3"
      ]
    }
  }
}
